
Microsoft Visual Studio Solution File, Format Version 12.00
# Visual Studio 2012
Project("{FAE04EC0-301F-11D3-BF4B-00C04F79EFBC}") = "libzopfli-sharp", "libzopfli-sharp\libzopfli-sharp.csproj", "{B9535E15-2F67-486C-BC5E-BD1A11322DBB}"
EndProject
Project("{FAE04EC0-301F-11D3-BF4B-00C04F79EFBC}") = "libzopfli-sharp.tests", "libzopfli-sharp.tests\libzopfli-sharp.tests.csproj", "{EA6A08EC-513D-487D-A576-A22A6D34F6B4}"
EndProject
Global
	GlobalSection(TeamFoundationVersionControl) = preSolution
		SccNumberOfProjects = 3
		SccEnterpriseProvider = {4CA58AB2-18FA-4F8D-95D4-32DDF27D184C}
		SccTeamFoundationServer = https://echovoice.visualstudio.com/defaultcollection
		SccLocalPath0 = .
		SccProjectUniqueName1 = libzopfli-sharp.tests\\libzopfli-sharp.tests.csproj
		SccProjectName1 = libzopfli-sharp.tests
		SccLocalPath1 = libzopfli-sharp.tests
		SccProjectUniqueName2 = libzopfli-sharp\\libzopfli-sharp.csproj
		SccProjectName2 = libzopfli-sharp
		SccLocalPath2 = libzopfli-sharp
	EndGlobalSection
	GlobalSection(SolutionConfigurationPlatforms) = preSolution
		Debug|Any CPU = Debug|Any CPU
		Release|Any CPU = Release|Any CPU
	EndGlobalSection
	GlobalSection(ProjectConfigurationPlatforms) = postSolution
		{B9535E15-2F67-486C-BC5E-BD1A11322DBB}.Debug|Any CPU.ActiveCfg = Debug|Any CPU
		{B9535E15-2F67-486C-BC5E-BD1A11322DBB}.Debug|Any CPU.Build.0 = Debug|Any CPU
		{B9535E15-2F67-486C-BC5E-BD1A11322DBB}.Release|Any CPU.ActiveCfg = Release|Any CPU
		{B9535E15-2F67-486C-BC5E-BD1A11322DBB}.Release|Any CPU.Build.0 = Release|Any CPU
		{EA6A08EC-513D-487D-A576-A22A6D34F6B4}.Debug|Any CPU.ActiveCfg = Debug|Any CPU
		{EA6A08EC-513D-487D-A576-A22A6D34F6B4}.Debug|Any CPU.Build.0 = Debug|Any CPU
		{EA6A08EC-513D-487D-A576-A22A6D34F6B4}.Release|Any CPU.ActiveCfg = Release|Any CPU
		{EA6A08EC-513D-487D-A576-A22A6D34F6B4}.Release|Any CPU.Build.0 = Release|Any CPU
	EndGlobalSection
	GlobalSection(SolutionProperties) = preSolution
		HideSolutionNode = FALSE
	EndGlobalSection
EndGlobal
